
Microsoft Visual Studio Solution File, Format Version 12.00
# Visual Studio Version 16
VisualStudioVersion = 16.0.29728.190
MinimumVisualStudioVersion = 10.0.40219.1
Project("{FAE04EC0-301F-11D3-BF4B-00C04F79EFBC}") = "Inheritance.Theory", "Inheritance.Theory\Inheritance.Theory.csproj", "{0C80C51A-DDA5-457B-8C97-C459B6E2F066}"
EndProject
Project("{FAE04EC0-301F-11D3-BF4B-00C04F79EFBC}") = "ClassesAndObjects.Theory", "ClassesAndObjects.Theory\ClassesAndObjects.Theory.csproj", "{1FFA901B-000E-4B9D-810E-61A085A87E5C}"
EndProject
Project("{FAE04EC0-301F-11D3-BF4B-00C04F79EFBC}") = "ClassesAndObjects.Lab", "ClassesAndObjects.Lab\ClassesAndObjects.Lab.csproj", "{ED37FF4E-8C79-4D99-A6E4-9E6AEF75F4B3}"
EndProject
Project("{FAE04EC0-301F-11D3-BF4B-00C04F79EFBC}") = "Inheritance.Lab", "Inheritance.Lab\Inheritance.Lab.csproj", "{6620031A-A959-4EDB-A870-5FAEF05DE775}"
EndProject
Project("{FAE04EC0-301F-11D3-BF4B-00C04F79EFBC}") = "Interface.Theory", "Interface.Theory\Interface.Theory.csproj", "{D9A2F814-9EF0-4132-B9B6-E7F9E4B5D416}"
EndProject
Project("{FAE04EC0-301F-11D3-BF4B-00C04F79EFBC}") = "Polymorphism.Theory", "Polymorphism.Theory\Polymorphism.Theory.csproj", "{DA140E36-474B-44B9-BA3B-E4E52F9AEEF8}"
EndProject
Project("{FAE04EC0-301F-11D3-BF4B-00C04F79EFBC}") = "Polymorphism.Lab", "Polymorphism.Lab\Polymorphism.Lab.csproj", "{432F6B7F-EA8E-4373-9AF5-212030AC6040}"
EndProject
Project("{FAE04EC0-301F-11D3-BF4B-00C04F79EFBC}") = "Abstraction.Theory", "Abstraction.Theory\Abstraction.Theory.csproj", "{17A10758-AA47-41CF-B0E2-A6860C5D7581}"
EndProject
Project("{FAE04EC0-301F-11D3-BF4B-00C04F79EFBC}") = "Encapsulation.Theory", "Encapsulation.Theory\Encapsulation.Theory.csproj", "{86C54664-8521-465E-8643-F1784E87C811}"
EndProject
Project("{FAE04EC0-301F-11D3-BF4B-00C04F79EFBC}") = "ClassDiagrams.Theory", "ClassDiagrams.Theory\ClassDiagrams.Theory.csproj", "{94D338CD-8594-4EF8-9F8C-85462C5EC374}"
EndProject
Project("{FAE04EC0-301F-11D3-BF4B-00C04F79EFBC}") = "Encapsulation.Lab", "Encapsulation.Lab\Encapsulation.Lab.csproj", "{6DC3F166-929C-4197-9506-8EB7E9B43061}"
EndProject
Project("{FAE04EC0-301F-11D3-BF4B-00C04F79EFBC}") = "Abstraction.Lab", "Abstraction.Lab\Abstraction.Lab.csproj", "{4B743C55-1AAA-4D13-B7C7-897F5EAF8D5D}"
EndProject
Project("{FAE04EC0-301F-11D3-BF4B-00C04F79EFBC}") = "HotelManagement", "HotelManagement\HotelManagement.csproj", "{CC3B7729-356E-4284-A838-8FE5F6C6D109}"
EndProject
Global
	GlobalSection(SolutionConfigurationPlatforms) = preSolution
		Debug|Any CPU = Debug|Any CPU
		Release|Any CPU = Release|Any CPU
	EndGlobalSection
	GlobalSection(ProjectConfigurationPlatforms) = postSolution
		{0C80C51A-DDA5-457B-8C97-C459B6E2F066}.Debug|Any CPU.ActiveCfg = Debug|Any CPU
		{0C80C51A-DDA5-457B-8C97-C459B6E2F066}.Debug|Any CPU.Build.0 = Debug|Any CPU
		{0C80C51A-DDA5-457B-8C97-C459B6E2F066}.Release|Any CPU.ActiveCfg = Release|Any CPU
		{0C80C51A-DDA5-457B-8C97-C459B6E2F066}.Release|Any CPU.Build.0 = Release|Any CPU
		{1FFA901B-000E-4B9D-810E-61A085A87E5C}.Debug|Any CPU.ActiveCfg = Debug|Any CPU
		{1FFA901B-000E-4B9D-810E-61A085A87E5C}.Debug|Any CPU.Build.0 = Debug|Any CPU
		{1FFA901B-000E-4B9D-810E-61A085A87E5C}.Release|Any CPU.ActiveCfg = Release|Any CPU
		{1FFA901B-000E-4B9D-810E-61A085A87E5C}.Release|Any CPU.Build.0 = Release|Any CPU
		{ED37FF4E-8C79-4D99-A6E4-9E6AEF75F4B3}.Debug|Any CPU.ActiveCfg = Debug|Any CPU
		{ED37FF4E-8C79-4D99-A6E4-9E6AEF75F4B3}.Debug|Any CPU.Build.0 = Debug|Any CPU
		{ED37FF4E-8C79-4D99-A6E4-9E6AEF75F4B3}.Release|Any CPU.ActiveCfg = Release|Any CPU
		{ED37FF4E-8C79-4D99-A6E4-9E6AEF75F4B3}.Release|Any CPU.Build.0 = Release|Any CPU
		{6620031A-A959-4EDB-A870-5FAEF05DE775}.Debug|Any CPU.ActiveCfg = Debug|Any CPU
		{6620031A-A959-4EDB-A870-5FAEF05DE775}.Debug|Any CPU.Build.0 = Debug|Any CPU
		{6620031A-A959-4EDB-A870-5FAEF05DE775}.Release|Any CPU.ActiveCfg = Release|Any CPU
		{6620031A-A959-4EDB-A870-5FAEF05DE775}.Release|Any CPU.Build.0 = Release|Any CPU
		{D9A2F814-9EF0-4132-B9B6-E7F9E4B5D416}.Debug|Any CPU.ActiveCfg = Debug|Any CPU
		{D9A2F814-9EF0-4132-B9B6-E7F9E4B5D416}.Debug|Any CPU.Build.0 = Debug|Any CPU
		{D9A2F814-9EF0-4132-B9B6-E7F9E4B5D416}.Release|Any CPU.ActiveCfg = Release|Any CPU
		{D9A2F814-9EF0-4132-B9B6-E7F9E4B5D416}.Release|Any CPU.Build.0 = Release|Any CPU
		{DA140E36-474B-44B9-BA3B-E4E52F9AEEF8}.Debug|Any CPU.ActiveCfg = Debug|Any CPU
		{DA140E36-474B-44B9-BA3B-E4E52F9AEEF8}.Debug|Any CPU.Build.0 = Debug|Any CPU
		{DA140E36-474B-44B9-BA3B-E4E52F9AEEF8}.Release|Any CPU.ActiveCfg = Release|Any CPU
		{DA140E36-474B-44B9-BA3B-E4E52F9AEEF8}.Release|Any CPU.Build.0 = Release|Any CPU
		{432F6B7F-EA8E-4373-9AF5-212030AC6040}.Debug|Any CPU.ActiveCfg = Debug|Any CPU
		{432F6B7F-EA8E-4373-9AF5-212030AC6040}.Debug|Any CPU.Build.0 = Debug|Any CPU
		{432F6B7F-EA8E-4373-9AF5-212030AC6040}.Release|Any CPU.ActiveCfg = Release|Any CPU
		{432F6B7F-EA8E-4373-9AF5-212030AC6040}.Release|Any CPU.Build.0 = Release|Any CPU
		{17A10758-AA47-41CF-B0E2-A6860C5D7581}.Debug|Any CPU.ActiveCfg = Debug|Any CPU
		{17A10758-AA47-41CF-B0E2-A6860C5D7581}.Debug|Any CPU.Build.0 = Debug|Any CPU
		{17A10758-AA47-41CF-B0E2-A6860C5D7581}.Release|Any CPU.ActiveCfg = Release|Any CPU
		{17A10758-AA47-41CF-B0E2-A6860C5D7581}.Release|Any CPU.Build.0 = Release|Any CPU
		{86C54664-8521-465E-8643-F1784E87C811}.Debug|Any CPU.ActiveCfg = Debug|Any CPU
		{86C54664-8521-465E-8643-F1784E87C811}.Debug|Any CPU.Build.0 = Debug|Any CPU
		{86C54664-8521-465E-8643-F1784E87C811}.Release|Any CPU.ActiveCfg = Release|Any CPU
		{86C54664-8521-465E-8643-F1784E87C811}.Release|Any CPU.Build.0 = Release|Any CPU
		{94D338CD-8594-4EF8-9F8C-85462C5EC374}.Debug|Any CPU.ActiveCfg = Debug|Any CPU
		{94D338CD-8594-4EF8-9F8C-85462C5EC374}.Debug|Any CPU.Build.0 = Debug|Any CPU
		{94D338CD-8594-4EF8-9F8C-85462C5EC374}.Release|Any CPU.ActiveCfg = Release|Any CPU
		{94D338CD-8594-4EF8-9F8C-85462C5EC374}.Release|Any CPU.Build.0 = Release|Any CPU
		{6DC3F166-929C-4197-9506-8EB7E9B43061}.Debug|Any CPU.ActiveCfg = Debug|Any CPU
		{6DC3F166-929C-4197-9506-8EB7E9B43061}.Debug|Any CPU.Build.0 = Debug|Any CPU
		{6DC3F166-929C-4197-9506-8EB7E9B43061}.Release|Any CPU.ActiveCfg = Release|Any CPU
		{6DC3F166-929C-4197-9506-8EB7E9B43061}.Release|Any CPU.Build.0 = Release|Any CPU
		{4B743C55-1AAA-4D13-B7C7-897F5EAF8D5D}.Debug|Any CPU.ActiveCfg = Debug|Any CPU
		{4B743C55-1AAA-4D13-B7C7-897F5EAF8D5D}.Debug|Any CPU.Build.0 = Debug|Any CPU
		{4B743C55-1AAA-4D13-B7C7-897F5EAF8D5D}.Release|Any CPU.ActiveCfg = Release|Any CPU
		{4B743C55-1AAA-4D13-B7C7-897F5EAF8D5D}.Release|Any CPU.Build.0 = Release|Any CPU
		{CC3B7729-356E-4284-A838-8FE5F6C6D109}.Debug|Any CPU.ActiveCfg = Debug|Any CPU
		{CC3B7729-356E-4284-A838-8FE5F6C6D109}.Debug|Any CPU.Build.0 = Debug|Any CPU
		{CC3B7729-356E-4284-A838-8FE5F6C6D109}.Release|Any CPU.ActiveCfg = Release|Any CPU
		{CC3B7729-356E-4284-A838-8FE5F6C6D109}.Release|Any CPU.Build.0 = Release|Any CPU
	EndGlobalSection
	GlobalSection(SolutionProperties) = preSolution
		HideSolutionNode = FALSE
	EndGlobalSection
	GlobalSection(ExtensibilityGlobals) = postSolution
		SolutionGuid = {314B015D-46A5-4B94-9F92-160894707E9A}
	EndGlobalSection
EndGlobal
